// !$*UTF8*$!
{
	archiveVersion = 1;
	classes = {
	};
	objectVersion = 50;
	objects = {

/* Begin PBXBuildFile section */
		A06C6CDD211D837D0074A842 /* AppDelegate.m in Sources */ = {isa = PBXBuildFile; fileRef = A06C6CDC211D837D0074A842 /* AppDelegate.m */; };
		A06C6CE0211D837D0074A842 /* ViewController.m in Sources */ = {isa = PBXBuildFile; fileRef = A06C6CDF211D837D0074A842 /* ViewController.m */; };
		A06C6CE3211D837D0074A842 /* Main.storyboard in Resources */ = {isa = PBXBuildFile; fileRef = A06C6CE1211D837D0074A842 /* Main.storyboard */; };
		A06C6CE5211D837F0074A842 /* Assets.xcassets in Resources */ = {isa = PBXBuildFile; fileRef = A06C6CE4211D837F0074A842 /* Assets.xcassets */; };
		A06C6CE8211D837F0074A842 /* LaunchScreen.storyboard in Resources */ = {isa = PBXBuildFile; fileRef = A06C6CE6211D837F0074A842 /* LaunchScreen.storyboard */; };
		A06C6CEB211D837F0074A842 /* main.m in Sources */ = {isa = PBXBuildFile; fileRef = A06C6CEA211D837F0074A842 /* main.m */; };
/* End PBXBuildFile section */

/* Begin PBXFileReference section */
		A06C6CD8211D837D0074A842 /* semaphoreDemo.app */ = {isa = PBXFileReference; explicitFileType = wrapper.application; includeInIndex = 0; path = semaphoreDemo.app; sourceTree = BUILT_PRODUCTS_DIR; };
		A06C6CDB211D837D0074A842 /* AppDelegate.h */ = {isa = PBXFileReference; lastKnownFileType = sourcecode.c.h; path = AppDelegate.h; sourceTree = "<group>"; };
		A06C6CDC211D837D0074A842 /* AppDelegate.m */ = {isa = PBXFileReference; lastKnownFileType = sourcecode.c.objc; path = AppDelegate.m; sourceTree = "<group>"; };
		A06C6CDE211D837D0074A842 /* ViewController.h */ = {isa = PBXFileReference; lastKnownFileType = sourcecode.c.h; path = ViewController.h; sourceTree = "<group>"; };
		A06C6CDF211D837D0074A842 /* ViewController.m */ = {isa = PBXFileReference; lastKnownFileType = sourcecode.c.objc; path = ViewController.m; sourceTree = "<group>"; };
		A06C6CE2211D837D0074A842 /* Base */ = {isa = PBXFileReference; lastKnownFileType = file.storyboard; name = Base; path = Base.lproj/Main.storyboard; sourceTree = "<group>"; };
		A06C6CE4211D837F0074A842 /* Assets.xcassets */ = {isa = PBXFileReference; lastKnownFileType = folder.assetcatalog; path = Assets.xcassets; sourceTree = "<group>"; };
		A06C6CE7211D837F0074A842 /* Base */ = {isa = PBXFileReference; lastKnownFileType = file.storyboard; name = Base; path = Base.lproj/LaunchScreen.storyboard; sourceTree = "<group>"; };
		A06C6CE9211D837F0074A842 /* Info.plist */ = {isa = PBXFileReference; lastKnownFileType = text.plist.xml; path = Info.plist; sourceTree = "<group>"; };
		A06C6CEA211D837F0074A842 /* main.m */ = {isa = PBXFileReference; lastKnownFileType = sourcecode.c.objc; path = main.m; sourceTree = "<group>"; };
/* End PBXFileReference section */

/* Begin PBXFrameworksBuildPhase section */
		A06C6CD5211D837D0074A842 /* Frameworks */ = {
			isa = PBXFrameworksBuildPhase;
			buildActionMask = 2147483647;
			files = (
			);
			runOnlyForDeploymentPostprocessing = 0;
		};
/* End PBXFrameworksBuildPhase section */

/* Begin PBXGroup section */
		A06C6CCF211D837D0074A842 = {
			isa = PBXGroup;
			children = (
				A06C6CDA211D837D0074A842 /* semaphoreDemo */,
				A06C6CD9211D837D0074A842 /* Products */,
			);
			sourceTree = "<group>";
		};
		A06C6CD9211D837D0074A842 /* Products */ = {
			isa = PBXGroup;
			children = (
				A06C6CD8211D837D0074A842 /* semaphoreDemo.app */,
			);
			name = Products;
			sourceTree = "<group>";
		};
		A06C6CDA211D837D0074A842 /* semaphoreDemo */ = {
			isa = PBXGroup;
			children = (
				A06C6CDB211D837D0074A842 /* AppDelegate.h */,
				A06C6CDC211D837D0074A842 /* AppDelegate.m */,
				A06C6CDE211D837D0074A842 /* ViewController.h */,
				A06C6CDF211D837D0074A842 /* ViewController.m */,
				A06C6CE1211D837D0074A842 /* Main.storyboard */,
				A06C6CE4211D837F0074A842 /* Assets.xcassets */,
				A06C6CE6211D837F0074A842 /* LaunchScreen.storyboard */,
				A06C6CE9211D837F0074A842 /* Info.plist */,
				A06C6CEA211D837F0074A842 /* main.m */,
			);
			path = semaphoreDemo;
			sourceTree = "<group>";
		};
/* End PBXGroup section */

/* Begin PBXNativeTarget section */
		A06C6CD7211D837D0074A842 /* semaphoreDemo */ = {
			isa = PBXNativeTarget;
			buildConfigurationList = A06C6CEE211D837F0074A842 /* Build configuration list for PBXNativeTarget "semaphoreDemo" */;
			buildPhases = (
				A06C6CD4211D837D0074A842 /* Sources */,
				A06C6CD5211D837D0074A842 /* Frameworks */,
				A06C6CD6211D837D0074A842 /* Resources */,
			);
			buildRules = (
			);
			dependencies = (
			);
			name = semaphoreDemo;
			productName = semaphoreDemo;
			productReference = A06C6CD8211D837D0074A842 /* semaphoreDemo.app */;
			productType = "com.apple.product-type.application";
		};
/* End PBXNativeTarget section */

/* Begin PBXProject section */
		A06C6CD0211D837D0074A842 /* Project object */ = {
			isa = PBXProject;
			attributes = {
				LastUpgradeCheck = 0940;
				ORGANIZATIONNAME = zhouwei;
				TargetAttributes = {
					A06C6CD7211D837D0074A842 = {
						CreatedOnToolsVersion = 9.4.1;
					};
				};
			};
			buildConfigurationList = A06C6CD3211D837D0074A842 /* Build configuration list for PBXProject "semaphoreDemo" */;
			compatibilityVersion = "Xcode 9.3";
			developmentRegion = en;
			hasScannedForEncodings = 0;
			knownRegions = (
				en,
				Base,
			);
			mainGroup = A06C6CCF211D837D0074A842;
			productRefGroup = A06C6CD9211D837D0074A842 /* Products */;
			projectDirPath = "";
			projectRoot = "";
			targets = (
				A06C6CD7211D837D0074A842 /* semaphoreDemo */,
			);
		};
/* End PBXProject section */

/* Begin PBXResourcesBuildPhase section */
		A06C6CD6211D837D0074A842 /* Resources */ = {
			isa = PBXResourcesBuildPhase;
			buildActionMask = 2147483647;
			files = (
				A06C6CE8211D837F0074A842 /* LaunchScreen.storyboard in Resources */,
				A06C6CE5211D837F0074A842 /* Assets.xcassets in Resources */,
				A06C6CE3211D837D0074A842 /* Main.storyboard in Resources */,
			);
			runOnlyForDeploymentPostprocessing = 0;
		};
/* End PBXResourcesBuildPhase section */

/* Begin PBXSourcesBuildPhase section */
		A06C6CD4211D837D0074A842 /* Sources */ = {
			isa = PBXSourcesBuildPhase;
			buildActionMask = 2147483647;
			files = (
				A06C6CE0211D837D0074A842 /* ViewController.m in Sources */,
				A06C6CEB211D837F0074A842 /* main.m in Sources */,
				A06C6CDD211D837D0074A842 /* AppDelegate.m in Sources */,
			);
			runOnlyForDeploymentPostprocessing = 0;
		};
/* End PBXSourcesBuildPhase section */

/* Begin PBXVariantGroup section */
		A06C6CE1211D837D0074A842 /* Main.storyboard */ = {
			isa = PBXVariantGroup;
			children = (
				A06C6CE2211D837D0074A842 /* Base */,
			);
			name = Main.storyboard;
			sourceTree = "<group>";
		};
		A06C6CE6211D837F0074A842 /* LaunchScreen.storyboard */ = {
			isa = PBXVariantGroup;
			children = (
				A06C6CE7211D837F0074A842 /* Base */,
			);
			name = LaunchScreen.storyboard;
			sourceTree = "<group>";
		};
/* End PBXVariantGroup section */

/* Begin XCBuildConfiguration section */
		A06C6CEC211D837F0074A842 /* Debug */ = {
			isa = XCBuildConfiguration;
			buildSettings = {
				ALWAYS_SEARCH_USER_PATHS = NO;
				CLANG_ANALYZER_NONNULL = YES;
				CLANG_ANALYZER_NUMBER_OBJECT_CONVERSION = YES_AGGRESSIVE;
				CLANG_CXX_LANGUAGE_STANDARD = "gnu++14";
				CLANG_CXX_LIBRARY = "libc++";
				CLANG_ENABLE_MODULES = YES;
				CLANG_ENABLE_OBJC_ARC = YES;
				CLANG_ENABLE_OBJC_WEAK = YES;
				CLANG_WARN_BLOCK_CAPTURE_AUTORELEASING = YES;
				CLANG_WARN_BOOL_CONVERSION = YES;
				CLANG_WARN_COMMA = YES;
				CLANG_WARN_CONSTANT_CONVERSION = YES;
				CLANG_WARN_DEPRECATED_OBJC_IMPLEMENTATIONS = YES;
				CLANG_WARN_DIRECT_OBJC_ISA_USAGE = YES_ERROR;
				CLANG_WARN_DOCUMENTATION_COMMENTS = YES;
				CLANG_WARN_EMPTY_BODY = YES;
				CLANG_WARN_ENUM_CONVERSION = YES;
				CLANG_WARN_INFINITE_RECURSION = YES;
				CLANG_WARN_INT_CONVERSION = YES;
				CLANG_WARN_NON_LITERAL_NULL_CONVERSION = YES;
				CLANG_WARN_OBJC_IMPLICIT_RETAIN_SELF = YES;
				CLANG_WARN_OBJC_LITERAL_CONVERSION = YES;
				CLANG_WARN_OBJC_ROOT_CLASS = YES_ERROR;
				CLANG_WARN_RANGE_LOOP_ANALYSIS = YES;
				CLANG_WARN_STRICT_PROTOTYPES = YES;
				CLANG_WARN_SUSPICIOUS_MOVE = YES;
				CLANG_WARN_UNGUARDED_AVAILABILITY = YES_AGGRESSIVE;
				CLANG_WARN_UNREACHABLE_CODE = YES;
				CLANG_WARN__DUPLICATE_METHOD_MATCH = YES;
				CODE_SIGN_IDENTITY = "iPhone Developer";
				COPY_PHASE_STRIP = NO;
				DEBUG_INFORMATION_FORMAT = dwarf;
				ENABLE_STRICT_OBJC_MSGSEND = YES;
				ENABLE_TESTABILITY = YES;
				GCC_C_LANGUAGE_STANDARD = gnu11;
				GCC_DYNAMIC_NO_PIC = NO;
				GCC_NO_COMMON_BLOCKS = YES;
				GCC_OPTIMIZATION_LEVEL = 0;
				GCC_PREPROCESSOR_DEFINITIONS = (
					"DEBUG=1",
					"$(inherited)",
				);
				GCC_WARN_64_TO_32_BIT_CONVERSION = YES;
				GCC_WARN_ABOUT_RETURN_TYPE = YES_ERROR;
				GCC_WARN_UNDECLARED_SELECTOR = YES;
				GCC_WARN_UNINITIALIZED_AUTOS = YES_AGGRESSIVE;
				GCC_WARN_UNUSED_FUNCTION = YES;
				GCC_WARN_UNUSED_VARIABLE = YES;
				IPHONEOS_DEPLOYMENT_TARGET = 11.4;
				MTL_ENABLE_DEBUG_INFO = YES;
				ONLY_ACTIVE_ARCH = YES;
				SDKROOT = iphoneos;
			};
			name = Debug;
		};
		A06C6CED211D837F0074A842 /* Release */ = {
			isa = XCBuildConfiguration;
			buildSettings = {
				ALWAYS_SEARCH_USER_PATHS = NO;
				CLANG_ANALYZER_NONNULL = YES;
				CLANG_ANALYZER_NUMBER_OBJECT_CONVERSION = YES_AGGRESSIVE;
				CLANG_CXX_LANGUAGE_STANDARD = "gnu++14";
				CLANG_CXX_LIBRARY = "libc++";
				CLANG_ENABLE_MODULES = YES;
				CLANG_ENABLE_OBJC_ARC = YES;
				CLANG_ENABLE_OBJC_WEAK = YES;
				CLANG_WARN_BLOCK_CAPTURE_AUTORELEASING = YES;
				CLANG_WARN_BOOL_CONVERSION = YES;
				CLANG_WARN_COMMA = YES;
				CLANG_WARN_CONSTANT_CONVERSION = YES;
				CLANG_WARN_DEPRECATED_OBJC_IMPLEMENTATIONS = YES;
				CLANG_WARN_DIRECT_OBJC_ISA_USAGE = YES_ERROR;
				CLANG_WARN_DOCUMENTATION_COMMENTS = YES;
				CLANG_WARN_EMPTY_BODY = YES;
				CLANG_WARN_ENUM_CONVERSION = YES;
				CLANG_WARN_INFINITE_RECURSION = YES;
				CLANG_WARN_INT_CONVERSION = YES;
				CLANG_WARN_NON_LITERAL_NULL_CONVERSION = YES;
				CLANG_WARN_OBJC_IMPLICIT_RETAIN_SELF = YES;
				CLANG_WARN_OBJC_LITERAL_CONVERSION = YES;
				CLANG_WARN_OBJC_ROOT_CLASS = YES_ERROR;
				CLANG_WARN_RANGE_LOOP_ANALYSIS = YES;
				CLANG_WARN_STRICT_PROTOTYPES = YES;
				CLANG_WARN_SUSPICIOUS_MOVE = YES;
				CLANG_WARN_UNGUARDED_AVAILABILITY = YES_AGGRESSIVE;
				CLANG_WARN_UNREACHABLE_CODE = YES;
				CLANG_WARN__DUPLICATE_METHOD_MATCH = YES;
				CODE_SIGN_IDENTITY = "iPhone Developer";
				COPY_PHASE_STRIP = NO;
				DEBUG_INFORMATION_FORMAT = "dwarf-with-dsym";
				ENABLE_NS_ASSERTIONS = NO;
				ENABLE_STRICT_OBJC_MSGSEND = YES;
				GCC_C_LANGUAGE_STANDARD = gnu11;
				GCC_NO_COMMON_BLOCKS = YES;
				GCC_WARN_64_TO_32_BIT_CONVERSION = YES;
				GCC_WARN_ABOUT_RETURN_TYPE = YES_ERROR;
				GCC_WARN_UNDECLARED_SELECTOR = YES;
				GCC_WARN_UNINITIALIZED_AUTOS = YES_AGGRESSIVE;
				GCC_WARN_UNUSED_FUNCTION = YES;
				GCC_WARN_UNUSED_VARIABLE = YES;
				IPHONEOS_DEPLOYMENT_TARGET = 11.4;
				MTL_ENABLE_DEBUG_INFO = NO;
				SDKROOT = iphoneos;
				VALIDATE_PRODUCT = YES;
			};
			name = Release;
		};
		A06C6CEF211D837F0074A842 /* Debug */ = {
			isa = XCBuildConfiguration;
			buildSettings = {
				ASSETCATALOG_COMPILER_APPICON_NAME = AppIcon;
				CODE_SIGN_STYLE = Automatic;
				INFOPLIST_FILE = semaphoreDemo/Info.plist;
				LD_RUNPATH_SEARCH_PATHS = (
					"$(inherited)",
					"@executable_path/Frameworks",
				);
				PRODUCT_BUNDLE_IDENTIFIER = dd.semaphoreDemo;
				PRODUCT_NAME = "$(TARGET_NAME)";
				TARGETED_DEVICE_FAMILY = "1,2";
			};
			name = Debug;
		};
		A06C6CF0211D837F0074A842 /* Release */ = {
			isa = XCBuildConfiguration;
			buildSettings = {
				ASSETCATALOG_COMPILER_APPICON_NAME = AppIcon;
				CODE_SIGN_STYLE = Automatic;
				INFOPLIST_FILE = semaphoreDemo/Info.plist;
				LD_RUNPATH_SEARCH_PATHS = (
					"$(inherited)",
					"@executable_path/Frameworks",
				);
				PRODUCT_BUNDLE_IDENTIFIER = dd.semaphoreDemo;
				PRODUCT_NAME = "$(TARGET_NAME)";
				TARGETED_DEVICE_FAMILY = "1,2";
			};
			name = Release;
		};
/* End XCBuildConfiguration section */

/* Begin XCConfigurationList section */
		A06C6CD3211D837D0074A842 /* Build configuration list for PBXProject "semaphoreDemo" */ = {
			isa = XCConfigurationList;
			buildConfigurations = (
				A06C6CEC211D837F0074A842 /* Debug */,
				A06C6CED211D837F0074A842 /* Release */,
			);
			defaultConfigurationIsVisible = 0;
			defaultConfigurationName = Release;
		};
		A06C6CEE211D837F0074A842 /* Build configuration list for PBXNativeTarget "semaphoreDemo" */ = {
			isa = XCConfigurationList;
			buildConfigurations = (
				A06C6CEF211D837F0074A842 /* Debug */,
				A06C6CF0211D837F0074A842 /* Release */,
			);
			defaultConfigurationIsVisible = 0;
			defaultConfigurationName = Release;
		};
/* End XCConfigurationList section */
	};
	rootObject = A06C6CD0211D837D0074A842 /* Project object */;
}
