// !$*UTF8*$!
{
	archiveVersion = 1;
	classes = {
	};
	objectVersion = 50;
	objects = {

/* Begin PBXBuildFile section */
		A002A22B211C3D4500660DCC /* AppDelegate.m in Sources */ = {isa = PBXBuildFile; fileRef = A002A22A211C3D4500660DCC /* AppDelegate.m */; };
		A002A22E211C3D4500660DCC /* ViewController.m in Sources */ = {isa = PBXBuildFile; fileRef = A002A22D211C3D4500660DCC /* ViewController.m */; };
		A002A231211C3D4500660DCC /* Main.storyboard in Resources */ = {isa = PBXBuildFile; fileRef = A002A22F211C3D4500660DCC /* Main.storyboard */; };
		A002A233211C3D4600660DCC /* Assets.xcassets in Resources */ = {isa = PBXBuildFile; fileRef = A002A232211C3D4600660DCC /* Assets.xcassets */; };
		A002A236211C3D4600660DCC /* LaunchScreen.storyboard in Resources */ = {isa = PBXBuildFile; fileRef = A002A234211C3D4600660DCC /* LaunchScreen.storyboard */; };
		A002A239211C3D4600660DCC /* main.m in Sources */ = {isa = PBXBuildFile; fileRef = A002A238211C3D4600660DCC /* main.m */; };
		A002A244211C566300660DCC /* OHGRouter.m in Sources */ = {isa = PBXBuildFile; fileRef = A002A243211C566300660DCC /* OHGRouter.m */; };
		A06C6CCA211D290B0074A842 /* ModuleASI.m in Sources */ = {isa = PBXBuildFile; fileRef = A06C6CC9211D290B0074A842 /* ModuleASI.m */; };
		A06C6CCD211D2BD70074A842 /* ModuleAViewController.m in Sources */ = {isa = PBXBuildFile; fileRef = A06C6CCC211D2BD70074A842 /* ModuleAViewController.m */; };
/* End PBXBuildFile section */

/* Begin PBXFileReference section */
		A002A226211C3D4500660DCC /* simple_router.app */ = {isa = PBXFileReference; explicitFileType = wrapper.application; includeInIndex = 0; path = simple_router.app; sourceTree = BUILT_PRODUCTS_DIR; };
		A002A229211C3D4500660DCC /* AppDelegate.h */ = {isa = PBXFileReference; lastKnownFileType = sourcecode.c.h; path = AppDelegate.h; sourceTree = "<group>"; };
		A002A22A211C3D4500660DCC /* AppDelegate.m */ = {isa = PBXFileReference; lastKnownFileType = sourcecode.c.objc; path = AppDelegate.m; sourceTree = "<group>"; };
		A002A22C211C3D4500660DCC /* ViewController.h */ = {isa = PBXFileReference; lastKnownFileType = sourcecode.c.h; path = ViewController.h; sourceTree = "<group>"; };
		A002A22D211C3D4500660DCC /* ViewController.m */ = {isa = PBXFileReference; lastKnownFileType = sourcecode.c.objc; path = ViewController.m; sourceTree = "<group>"; };
		A002A230211C3D4500660DCC /* Base */ = {isa = PBXFileReference; lastKnownFileType = file.storyboard; name = Base; path = Base.lproj/Main.storyboard; sourceTree = "<group>"; };
		A002A232211C3D4600660DCC /* Assets.xcassets */ = {isa = PBXFileReference; lastKnownFileType = folder.assetcatalog; path = Assets.xcassets; sourceTree = "<group>"; };
		A002A235211C3D4600660DCC /* Base */ = {isa = PBXFileReference; lastKnownFileType = file.storyboard; name = Base; path = Base.lproj/LaunchScreen.storyboard; sourceTree = "<group>"; };
		A002A237211C3D4600660DCC /* Info.plist */ = {isa = PBXFileReference; lastKnownFileType = text.plist.xml; path = Info.plist; sourceTree = "<group>"; };
		A002A238211C3D4600660DCC /* main.m */ = {isa = PBXFileReference; lastKnownFileType = sourcecode.c.objc; path = main.m; sourceTree = "<group>"; };
		A002A240211C3D7B00660DCC /* MoudleProtocol.h */ = {isa = PBXFileReference; lastKnownFileType = sourcecode.c.h; path = MoudleProtocol.h; sourceTree = "<group>"; };
		A002A242211C566300660DCC /* OHGRouter.h */ = {isa = PBXFileReference; lastKnownFileType = sourcecode.c.h; path = OHGRouter.h; sourceTree = "<group>"; };
		A002A243211C566300660DCC /* OHGRouter.m */ = {isa = PBXFileReference; lastKnownFileType = sourcecode.c.objc; path = OHGRouter.m; sourceTree = "<group>"; };
		A06C6CC8211D290B0074A842 /* ModuleASI.h */ = {isa = PBXFileReference; lastKnownFileType = sourcecode.c.h; path = ModuleASI.h; sourceTree = "<group>"; };
		A06C6CC9211D290B0074A842 /* ModuleASI.m */ = {isa = PBXFileReference; lastKnownFileType = sourcecode.c.objc; path = ModuleASI.m; sourceTree = "<group>"; };
		A06C6CCB211D2BD70074A842 /* ModuleAViewController.h */ = {isa = PBXFileReference; lastKnownFileType = sourcecode.c.h; path = ModuleAViewController.h; sourceTree = "<group>"; };
		A06C6CCC211D2BD70074A842 /* ModuleAViewController.m */ = {isa = PBXFileReference; lastKnownFileType = sourcecode.c.objc; path = ModuleAViewController.m; sourceTree = "<group>"; };
		A06C6CCE211D34920074A842 /* ModuleA.h */ = {isa = PBXFileReference; lastKnownFileType = sourcecode.c.h; path = ModuleA.h; sourceTree = "<group>"; };
/* End PBXFileReference section */

/* Begin PBXFrameworksBuildPhase section */
		A002A223211C3D4500660DCC /* Frameworks */ = {
			isa = PBXFrameworksBuildPhase;
			buildActionMask = 2147483647;
			files = (
			);
			runOnlyForDeploymentPostprocessing = 0;
		};
/* End PBXFrameworksBuildPhase section */

/* Begin PBXGroup section */
		A002A21D211C3D4500660DCC = {
			isa = PBXGroup;
			children = (
				A002A228211C3D4500660DCC /* simple_router */,
				A002A227211C3D4500660DCC /* Products */,
			);
			sourceTree = "<group>";
		};
		A002A227211C3D4500660DCC /* Products */ = {
			isa = PBXGroup;
			children = (
				A002A226211C3D4500660DCC /* simple_router.app */,
			);
			name = Products;
			sourceTree = "<group>";
		};
		A002A228211C3D4500660DCC /* simple_router */ = {
			isa = PBXGroup;
			children = (
				A06C6CC7211D28F50074A842 /* moduleA */,
				A002A241211C564700660DCC /* router */,
				A002A23F211C3D5F00660DCC /* publicProtocol */,
				A002A229211C3D4500660DCC /* AppDelegate.h */,
				A002A22A211C3D4500660DCC /* AppDelegate.m */,
				A002A22C211C3D4500660DCC /* ViewController.h */,
				A002A22D211C3D4500660DCC /* ViewController.m */,
				A002A22F211C3D4500660DCC /* Main.storyboard */,
				A002A232211C3D4600660DCC /* Assets.xcassets */,
				A002A234211C3D4600660DCC /* LaunchScreen.storyboard */,
				A002A237211C3D4600660DCC /* Info.plist */,
				A002A238211C3D4600660DCC /* main.m */,
			);
			path = simple_router;
			sourceTree = "<group>";
		};
		A002A23F211C3D5F00660DCC /* publicProtocol */ = {
			isa = PBXGroup;
			children = (
				A002A240211C3D7B00660DCC /* MoudleProtocol.h */,
			);
			path = publicProtocol;
			sourceTree = "<group>";
		};
		A002A241211C564700660DCC /* router */ = {
			isa = PBXGroup;
			children = (
				A002A242211C566300660DCC /* OHGRouter.h */,
				A002A243211C566300660DCC /* OHGRouter.m */,
			);
			path = router;
			sourceTree = "<group>";
		};
		A06C6CC7211D28F50074A842 /* moduleA */ = {
			isa = PBXGroup;
			children = (
				A06C6CCE211D34920074A842 /* ModuleA.h */,
				A06C6CC8211D290B0074A842 /* ModuleASI.h */,
				A06C6CC9211D290B0074A842 /* ModuleASI.m */,
				A06C6CCB211D2BD70074A842 /* ModuleAViewController.h */,
				A06C6CCC211D2BD70074A842 /* ModuleAViewController.m */,
			);
			path = moduleA;
			sourceTree = "<group>";
		};
/* End PBXGroup section */

/* Begin PBXNativeTarget section */
		A002A225211C3D4500660DCC /* simple_router */ = {
			isa = PBXNativeTarget;
			buildConfigurationList = A002A23C211C3D4600660DCC /* Build configuration list for PBXNativeTarget "simple_router" */;
			buildPhases = (
				A002A222211C3D4500660DCC /* Sources */,
				A002A223211C3D4500660DCC /* Frameworks */,
				A002A224211C3D4500660DCC /* Resources */,
			);
			buildRules = (
			);
			dependencies = (
			);
			name = simple_router;
			productName = simple_router;
			productReference = A002A226211C3D4500660DCC /* simple_router.app */;
			productType = "com.apple.product-type.application";
		};
/* End PBXNativeTarget section */

/* Begin PBXProject section */
		A002A21E211C3D4500660DCC /* Project object */ = {
			isa = PBXProject;
			attributes = {
				LastUpgradeCheck = 0940;
				ORGANIZATIONNAME = zhouwei;
				TargetAttributes = {
					A002A225211C3D4500660DCC = {
						CreatedOnToolsVersion = 9.4.1;
					};
				};
			};
			buildConfigurationList = A002A221211C3D4500660DCC /* Build configuration list for PBXProject "simple_router" */;
			compatibilityVersion = "Xcode 9.3";
			developmentRegion = en;
			hasScannedForEncodings = 0;
			knownRegions = (
				en,
				Base,
			);
			mainGroup = A002A21D211C3D4500660DCC;
			productRefGroup = A002A227211C3D4500660DCC /* Products */;
			projectDirPath = "";
			projectRoot = "";
			targets = (
				A002A225211C3D4500660DCC /* simple_router */,
			);
		};
/* End PBXProject section */

/* Begin PBXResourcesBuildPhase section */
		A002A224211C3D4500660DCC /* Resources */ = {
			isa = PBXResourcesBuildPhase;
			buildActionMask = 2147483647;
			files = (
				A002A236211C3D4600660DCC /* LaunchScreen.storyboard in Resources */,
				A002A233211C3D4600660DCC /* Assets.xcassets in Resources */,
				A002A231211C3D4500660DCC /* Main.storyboard in Resources */,
			);
			runOnlyForDeploymentPostprocessing = 0;
		};
/* End PBXResourcesBuildPhase section */

/* Begin PBXSourcesBuildPhase section */
		A002A222211C3D4500660DCC /* Sources */ = {
			isa = PBXSourcesBuildPhase;
			buildActionMask = 2147483647;
			files = (
				A06C6CCD211D2BD70074A842 /* ModuleAViewController.m in Sources */,
				A002A22E211C3D4500660DCC /* ViewController.m in Sources */,
				A002A244211C566300660DCC /* OHGRouter.m in Sources */,
				A002A239211C3D4600660DCC /* main.m in Sources */,
				A06C6CCA211D290B0074A842 /* ModuleASI.m in Sources */,
				A002A22B211C3D4500660DCC /* AppDelegate.m in Sources */,
			);
			runOnlyForDeploymentPostprocessing = 0;
		};
/* End PBXSourcesBuildPhase section */

/* Begin PBXVariantGroup section */
		A002A22F211C3D4500660DCC /* Main.storyboard */ = {
			isa = PBXVariantGroup;
			children = (
				A002A230211C3D4500660DCC /* Base */,
			);
			name = Main.storyboard;
			sourceTree = "<group>";
		};
		A002A234211C3D4600660DCC /* LaunchScreen.storyboard */ = {
			isa = PBXVariantGroup;
			children = (
				A002A235211C3D4600660DCC /* Base */,
			);
			name = LaunchScreen.storyboard;
			sourceTree = "<group>";
		};
/* End PBXVariantGroup section */

/* Begin XCBuildConfiguration section */
		A002A23A211C3D4600660DCC /* Debug */ = {
			isa = XCBuildConfiguration;
			buildSettings = {
				ALWAYS_SEARCH_USER_PATHS = NO;
				CLANG_ANALYZER_NONNULL = YES;
				CLANG_ANALYZER_NUMBER_OBJECT_CONVERSION = YES_AGGRESSIVE;
				CLANG_CXX_LANGUAGE_STANDARD = "gnu++14";
				CLANG_CXX_LIBRARY = "libc++";
				CLANG_ENABLE_MODULES = YES;
				CLANG_ENABLE_OBJC_ARC = YES;
				CLANG_ENABLE_OBJC_WEAK = YES;
				CLANG_WARN_BLOCK_CAPTURE_AUTORELEASING = YES;
				CLANG_WARN_BOOL_CONVERSION = YES;
				CLANG_WARN_COMMA = YES;
				CLANG_WARN_CONSTANT_CONVERSION = YES;
				CLANG_WARN_DEPRECATED_OBJC_IMPLEMENTATIONS = YES;
				CLANG_WARN_DIRECT_OBJC_ISA_USAGE = YES_ERROR;
				CLANG_WARN_DOCUMENTATION_COMMENTS = YES;
				CLANG_WARN_EMPTY_BODY = YES;
				CLANG_WARN_ENUM_CONVERSION = YES;
				CLANG_WARN_INFINITE_RECURSION = YES;
				CLANG_WARN_INT_CONVERSION = YES;
				CLANG_WARN_NON_LITERAL_NULL_CONVERSION = YES;
				CLANG_WARN_OBJC_IMPLICIT_RETAIN_SELF = YES;
				CLANG_WARN_OBJC_LITERAL_CONVERSION = YES;
				CLANG_WARN_OBJC_ROOT_CLASS = YES_ERROR;
				CLANG_WARN_RANGE_LOOP_ANALYSIS = YES;
				CLANG_WARN_STRICT_PROTOTYPES = YES;
				CLANG_WARN_SUSPICIOUS_MOVE = YES;
				CLANG_WARN_UNGUARDED_AVAILABILITY = YES_AGGRESSIVE;
				CLANG_WARN_UNREACHABLE_CODE = YES;
				CLANG_WARN__DUPLICATE_METHOD_MATCH = YES;
				CODE_SIGN_IDENTITY = "iPhone Developer";
				COPY_PHASE_STRIP = NO;
				DEBUG_INFORMATION_FORMAT = dwarf;
				ENABLE_STRICT_OBJC_MSGSEND = YES;
				ENABLE_TESTABILITY = YES;
				GCC_C_LANGUAGE_STANDARD = gnu11;
				GCC_DYNAMIC_NO_PIC = NO;
				GCC_NO_COMMON_BLOCKS = YES;
				GCC_OPTIMIZATION_LEVEL = 0;
				GCC_PREPROCESSOR_DEFINITIONS = (
					"DEBUG=1",
					"$(inherited)",
				);
				GCC_WARN_64_TO_32_BIT_CONVERSION = YES;
				GCC_WARN_ABOUT_RETURN_TYPE = YES_ERROR;
				GCC_WARN_UNDECLARED_SELECTOR = YES;
				GCC_WARN_UNINITIALIZED_AUTOS = YES_AGGRESSIVE;
				GCC_WARN_UNUSED_FUNCTION = YES;
				GCC_WARN_UNUSED_VARIABLE = YES;
				IPHONEOS_DEPLOYMENT_TARGET = 11.4;
				MTL_ENABLE_DEBUG_INFO = YES;
				ONLY_ACTIVE_ARCH = YES;
				SDKROOT = iphoneos;
			};
			name = Debug;
		};
		A002A23B211C3D4600660DCC /* Release */ = {
			isa = XCBuildConfiguration;
			buildSettings = {
				ALWAYS_SEARCH_USER_PATHS = NO;
				CLANG_ANALYZER_NONNULL = YES;
				CLANG_ANALYZER_NUMBER_OBJECT_CONVERSION = YES_AGGRESSIVE;
				CLANG_CXX_LANGUAGE_STANDARD = "gnu++14";
				CLANG_CXX_LIBRARY = "libc++";
				CLANG_ENABLE_MODULES = YES;
				CLANG_ENABLE_OBJC_ARC = YES;
				CLANG_ENABLE_OBJC_WEAK = YES;
				CLANG_WARN_BLOCK_CAPTURE_AUTORELEASING = YES;
				CLANG_WARN_BOOL_CONVERSION = YES;
				CLANG_WARN_COMMA = YES;
				CLANG_WARN_CONSTANT_CONVERSION = YES;
				CLANG_WARN_DEPRECATED_OBJC_IMPLEMENTATIONS = YES;
				CLANG_WARN_DIRECT_OBJC_ISA_USAGE = YES_ERROR;
				CLANG_WARN_DOCUMENTATION_COMMENTS = YES;
				CLANG_WARN_EMPTY_BODY = YES;
				CLANG_WARN_ENUM_CONVERSION = YES;
				CLANG_WARN_INFINITE_RECURSION = YES;
				CLANG_WARN_INT_CONVERSION = YES;
				CLANG_WARN_NON_LITERAL_NULL_CONVERSION = YES;
				CLANG_WARN_OBJC_IMPLICIT_RETAIN_SELF = YES;
				CLANG_WARN_OBJC_LITERAL_CONVERSION = YES;
				CLANG_WARN_OBJC_ROOT_CLASS = YES_ERROR;
				CLANG_WARN_RANGE_LOOP_ANALYSIS = YES;
				CLANG_WARN_STRICT_PROTOTYPES = YES;
				CLANG_WARN_SUSPICIOUS_MOVE = YES;
				CLANG_WARN_UNGUARDED_AVAILABILITY = YES_AGGRESSIVE;
				CLANG_WARN_UNREACHABLE_CODE = YES;
				CLANG_WARN__DUPLICATE_METHOD_MATCH = YES;
				CODE_SIGN_IDENTITY = "iPhone Developer";
				COPY_PHASE_STRIP = NO;
				DEBUG_INFORMATION_FORMAT = "dwarf-with-dsym";
				ENABLE_NS_ASSERTIONS = NO;
				ENABLE_STRICT_OBJC_MSGSEND = YES;
				GCC_C_LANGUAGE_STANDARD = gnu11;
				GCC_NO_COMMON_BLOCKS = YES;
				GCC_WARN_64_TO_32_BIT_CONVERSION = YES;
				GCC_WARN_ABOUT_RETURN_TYPE = YES_ERROR;
				GCC_WARN_UNDECLARED_SELECTOR = YES;
				GCC_WARN_UNINITIALIZED_AUTOS = YES_AGGRESSIVE;
				GCC_WARN_UNUSED_FUNCTION = YES;
				GCC_WARN_UNUSED_VARIABLE = YES;
				IPHONEOS_DEPLOYMENT_TARGET = 11.4;
				MTL_ENABLE_DEBUG_INFO = NO;
				SDKROOT = iphoneos;
				VALIDATE_PRODUCT = YES;
			};
			name = Release;
		};
		A002A23D211C3D4600660DCC /* Debug */ = {
			isa = XCBuildConfiguration;
			buildSettings = {
				ASSETCATALOG_COMPILER_APPICON_NAME = AppIcon;
				CODE_SIGN_STYLE = Automatic;
				INFOPLIST_FILE = simple_router/Info.plist;
				LD_RUNPATH_SEARCH_PATHS = (
					"$(inherited)",
					"@executable_path/Frameworks",
				);
				PRODUCT_BUNDLE_IDENTIFIER = "dd.simple-router";
				PRODUCT_NAME = "$(TARGET_NAME)";
				TARGETED_DEVICE_FAMILY = "1,2";
			};
			name = Debug;
		};
		A002A23E211C3D4600660DCC /* Release */ = {
			isa = XCBuildConfiguration;
			buildSettings = {
				ASSETCATALOG_COMPILER_APPICON_NAME = AppIcon;
				CODE_SIGN_STYLE = Automatic;
				INFOPLIST_FILE = simple_router/Info.plist;
				LD_RUNPATH_SEARCH_PATHS = (
					"$(inherited)",
					"@executable_path/Frameworks",
				);
				PRODUCT_BUNDLE_IDENTIFIER = "dd.simple-router";
				PRODUCT_NAME = "$(TARGET_NAME)";
				TARGETED_DEVICE_FAMILY = "1,2";
			};
			name = Release;
		};
/* End XCBuildConfiguration section */

/* Begin XCConfigurationList section */
		A002A221211C3D4500660DCC /* Build configuration list for PBXProject "simple_router" */ = {
			isa = XCConfigurationList;
			buildConfigurations = (
				A002A23A211C3D4600660DCC /* Debug */,
				A002A23B211C3D4600660DCC /* Release */,
			);
			defaultConfigurationIsVisible = 0;
			defaultConfigurationName = Release;
		};
		A002A23C211C3D4600660DCC /* Build configuration list for PBXNativeTarget "simple_router" */ = {
			isa = XCConfigurationList;
			buildConfigurations = (
				A002A23D211C3D4600660DCC /* Debug */,
				A002A23E211C3D4600660DCC /* Release */,
			);
			defaultConfigurationIsVisible = 0;
			defaultConfigurationName = Release;
		};
/* End XCConfigurationList section */
	};
	rootObject = A002A21E211C3D4500660DCC /* Project object */;
}
